
Microsoft Visual Studio Solution File, Format Version 12.00
# Visual Studio Version 16
VisualStudioVersion = 16.0.30309.148
MinimumVisualStudioVersion = 10.0.40219.1
Project("{FAE04EC0-301F-11D3-BF4B-00C04F79EFBC}") = "CovidCalculator", "CovidCalculator.csproj", "{3B101813-1C14-406D-8BF0-9981A63218DE}"
EndProject
Global
	GlobalSection(SolutionConfigurationPlatforms) = preSolution
		Debug|Any CPU = Debug|Any CPU
		Release|Any CPU = Release|Any CPU
	EndGlobalSection
	GlobalSection(ProjectConfigurationPlatforms) = postSolution
		{3B101813-1C14-406D-8BF0-9981A63218DE}.Debug|Any CPU.ActiveCfg = Debug|Any CPU
		{3B101813-1C14-406D-8BF0-9981A63218DE}.Debug|Any CPU.Build.0 = Debug|Any CPU
		{3B101813-1C14-406D-8BF0-9981A63218DE}.Release|Any CPU.ActiveCfg = Release|Any CPU
		{3B101813-1C14-406D-8BF0-9981A63218DE}.Release|Any CPU.Build.0 = Release|Any CPU
	EndGlobalSection
	GlobalSection(SolutionProperties) = preSolution
		HideSolutionNode = FALSE
	EndGlobalSection
	GlobalSection(ExtensibilityGlobals) = postSolution
		SolutionGuid = {9C143EC5-F83A-41FA-BBFB-FC0E0A8144CC}
	EndGlobalSection
EndGlobal
